{
  "requires": true,
  "lockfileVersion": 1,
  "dependencies": {
    "inherits": {
      "version": "2.0.3",
      "resolved": "https://registry.npmjs.org/inherits/-/inherits-2.0.3.tgz",
      "integrity": "sha1-Yzwsg+PaQqUC9SRmAiSA9CCCYd4="
    },
    "mobx-react": {
      "version": "5.4.3",
      "resolved": "http://registry.npm.taobao.org/mobx-react/download/mobx-react-5.4.3.tgz",
      "dependencies": {
        "hoist-non-react-statics": {
          "version": "http://registry.npm.taobao.org/hoist-non-react-statics/download/hoist-non-react-statics-3.2.1.tgz",
          "dependencies": {
            "react-is": {
              "version": "16.7.0",
              "resolved": "http://registry.npm.taobao.org/react-is/download/react-is-16.7.0.tgz",
              "integrity": "sha512-FbThLNGlcFMndzaw8Vfvu/Nyqd4QB38Xqont9tzN6/7B/9/d97o4KNciSFmKIRgL50kS6wEuaWCkAJr6Qa+xDQ=="
            }
          }
        },
        "react-lifecycles-compat": {
          "version": "http://registry.npm.taobao.org/react-lifecycles-compat/download/react-lifecycles-compat-3.0.4.tgz"
        }
      }
    },
    "path": {
      "version": "0.12.7",
      "resolved": "https://registry.npmjs.org/path/-/path-0.12.7.tgz",
      "integrity": "sha1-1NwqUGxM4hl+tIHr/NWzbAFAsQ8=",
      "requires": {
        "process": "^0.11.1",
        "util": "^0.10.3"
      }
    },
    "process": {
      "version": "0.11.10",
      "resolved": "https://registry.npmjs.org/process/-/process-0.11.10.tgz",
      "integrity": "sha1-czIwDoQBYb2j5podHZGn1LwW8YI="
    },
    "prop-types": {
      "version": "15.6.2",
      "resolved": "http://registry.npm.taobao.org/prop-types/download/prop-types-15.6.2.tgz",
      "dependencies": {
        "loose-envify": {
          "version": "http://registry.npm.taobao.org/loose-envify/download/loose-envify-1.4.0.tgz",
          "dependencies": {
            "js-tokens": {
              "version": "http://registry.npm.taobao.org/js-tokens/download/js-tokens-4.0.0.tgz"
            }
          }
        },
        "object-assign": {
          "version": "http://registry.npm.taobao.org/object-assign/download/object-assign-4.1.1.tgz"
        }
      }
    },
    "react": {
      "version": "16.7.0",
      "resolved": "http://registry.npm.taobao.org/react/download/react-16.7.0.tgz",
      "integrity": "sha512-ZUj2lkUDLjwJaGu4WD0dYSvsfIyhQt2l/AJDlg4ij+rCDU3fSFKgHWanNovViUoaWHAxgrpft3KGFfvWPZH5LA==",
      "requires": {
        "prop-types": "^15.6.2"
      },
      "dependencies": {
        "loose-envify": {
          "version": "http://registry.npm.taobao.org/loose-envify/download/loose-envify-1.4.0.tgz",
          "dependencies": {
            "js-tokens": {
              "version": "http://registry.npm.taobao.org/js-tokens/download/js-tokens-4.0.0.tgz"
            }
          }
        },
        "object-assign": {
          "version": "http://registry.npm.taobao.org/object-assign/download/object-assign-4.1.1.tgz"
        },
        "prop-types": {
          "version": "http://registry.npm.taobao.org/prop-types/download/prop-types-15.6.2.tgz",
          "dependencies": {
            "loose-envify": {
              "version": "http://registry.npm.taobao.org/loose-envify/download/loose-envify-1.4.0.tgz",
              "dependencies": {}
            },
            "object-assign": {
              "version": "http://registry.npm.taobao.org/object-assign/download/object-assign-4.1.1.tgz"
            }
          }
        },
        "scheduler": {
          "version": "0.12.0",
          "resolved": "http://registry.npm.taobao.org/scheduler/download/scheduler-0.12.0.tgz",
          "integrity": "sha512-U+PqKfBcR39RFbJrlJPFwDXG2iLOZBGOPzNSWTAGUoOfTiL8qHTkemJeyV5CcL0UyaRgR8g3S469cNWFs/SHIw=="
        }
      }
    },
    "react-dom": {
      "version": "16.7.0",
      "resolved": "http://registry.npm.taobao.org/react-dom/download/react-dom-16.7.0.tgz",
      "integrity": "sha512-GfG8Vh/jMcnJKDpv7T6O1pS/WVqiocjPQ9o9cscW8bjR9W36DT3Xb4pDZT70t1xyVvX48/NrTQGz0H7I3fCLhQ==",
      "requires": {
        "prop-types": "^15.6.2"
      },
      "dependencies": {
        "loose-envify": {
          "version": "http://registry.npm.taobao.org/loose-envify/download/loose-envify-1.4.0.tgz",
          "dependencies": {
            "js-tokens": {
              "version": "http://registry.npm.taobao.org/js-tokens/download/js-tokens-4.0.0.tgz"
            }
          }
        },
        "object-assign": {
          "version": "http://registry.npm.taobao.org/object-assign/download/object-assign-4.1.1.tgz"
        },
        "prop-types": {
          "version": "http://registry.npm.taobao.org/prop-types/download/prop-types-15.6.2.tgz",
          "dependencies": {
            "loose-envify": {
              "version": "http://registry.npm.taobao.org/loose-envify/download/loose-envify-1.4.0.tgz",
              "dependencies": {}
            },
            "object-assign": {
              "version": "http://registry.npm.taobao.org/object-assign/download/object-assign-4.1.1.tgz"
            }
          }
        },
        "scheduler": {
          "version": "0.12.0",
          "resolved": "http://registry.npm.taobao.org/scheduler/download/scheduler-0.12.0.tgz",
          "integrity": "sha512-U+PqKfBcR39RFbJrlJPFwDXG2iLOZBGOPzNSWTAGUoOfTiL8qHTkemJeyV5CcL0UyaRgR8g3S469cNWFs/SHIw==",
          "dependencies": {
            "loose-envify": {
              "version": "http://registry.npm.taobao.org/loose-envify/download/loose-envify-1.4.0.tgz",
              "dependencies": {
                "js-tokens": {
                  "version": "http://registry.npm.taobao.org/js-tokens/download/js-tokens-4.0.0.tgz"
                }
              }
            },
            "object-assign": {
              "version": "http://registry.npm.taobao.org/object-assign/download/object-assign-4.1.1.tgz"
            }
          }
        }
      }
    },
    "util": {
      "version": "0.10.4",
      "resolved": "https://registry.npmjs.org/util/-/util-0.10.4.tgz",
      "integrity": "sha512-0Pm9hTQ3se5ll1XihRic3FDIku70C+iHUdT/W926rSgHV5QgXsYbKZN8MSC3tJtSkhuROzvsQjAaFENRXr+19A==",
      "requires": {
        "inherits": "2.0.3"
      }
    }
  }
}
